
Microsoft Visual Studio Solution File, Format Version 12.00
# Visual Studio Version 17
VisualStudioVersion = 17.14.36930.0 d17.14
MinimumVisualStudioVersion = 10.0.40219.1
Project("{FAE04EC0-301F-11D3-BF4B-00C04F79EFBC}") = "PharmacyUser", "PharmacyUser\PharmacyUser.csproj", "{A6094708-3874-4150-94D5-C64E9E53CF6A}"
EndProject
Global
	GlobalSection(SolutionConfigurationPlatforms) = preSolution
		Debug|Any CPU = Debug|Any CPU
		Release|Any CPU = Release|Any CPU
	EndGlobalSection
	GlobalSection(ProjectConfigurationPlatforms) = postSolution
		{A6094708-3874-4150-94D5-C64E9E53CF6A}.Debug|Any CPU.ActiveCfg = Debug|Any CPU
		{A6094708-3874-4150-94D5-C64E9E53CF6A}.Debug|Any CPU.Build.0 = Debug|Any CPU
		{A6094708-3874-4150-94D5-C64E9E53CF6A}.Release|Any CPU.ActiveCfg = Release|Any CPU
		{A6094708-3874-4150-94D5-C64E9E53CF6A}.Release|Any CPU.Build.0 = Release|Any CPU
	EndGlobalSection
	GlobalSection(SolutionProperties) = preSolution
		HideSolutionNode = FALSE
	EndGlobalSection
	GlobalSection(ExtensibilityGlobals) = postSolution
		SolutionGuid = {8067A9FD-F2A5-44FF-BA0A-9AACBF6555EE}
	EndGlobalSection
EndGlobal
